
Microsoft Visual Studio Solution File, Format Version 12.00
# Visual Studio Version 17
VisualStudioVersion = 17.5.002.0
MinimumVisualStudioVersion = 10.0.40219.1
Project("{9A19103F-16F7-4668-BE54-9A1E7A4F7556}") = "Assignment 1 PROG3175 Console App AK", "Assignment 1 PROG3175 Console App AK.csproj", "{0E33E760-4EB4-46C9-8514-9DD209B88EA5}"
EndProject
Global
	GlobalSection(SolutionConfigurationPlatforms) = preSolution
		Debug|Any CPU = Debug|Any CPU
		Release|Any CPU = Release|Any CPU
	EndGlobalSection
	GlobalSection(ProjectConfigurationPlatforms) = postSolution
		{0E33E760-4EB4-46C9-8514-9DD209B88EA5}.Debug|Any CPU.ActiveCfg = Debug|Any CPU
		{0E33E760-4EB4-46C9-8514-9DD209B88EA5}.Debug|Any CPU.Build.0 = Debug|Any CPU
		{0E33E760-4EB4-46C9-8514-9DD209B88EA5}.Release|Any CPU.ActiveCfg = Release|Any CPU
		{0E33E760-4EB4-46C9-8514-9DD209B88EA5}.Release|Any CPU.Build.0 = Release|Any CPU
	EndGlobalSection
	GlobalSection(SolutionProperties) = preSolution
		HideSolutionNode = FALSE
	EndGlobalSection
	GlobalSection(ExtensibilityGlobals) = postSolution
		SolutionGuid = {349B49CD-D676-4170-907E-857909B800D7}
	EndGlobalSection
EndGlobal
